# This file is autogenerated, do not edit; changes may be undone by the next 'dep ensure'.


[[projects]]
  name = "github.com/kyokomi/emoji"
  packages = ["."]
  revision = "24a0d8a0df5265db6864d89826b44f39f9f0ff24"
  version = "v2.2.5"

[solve-meta]
  analyzer-name = "dep"
  analyzer-version = 1
  inputs-digest = "b2796172d5859a220d2c7208fcd3495fa8f92274a7e4bbb1bfac15a1a490774a"
  solver-name = "gps-cdcl"
  solver-version = 1
